// !$*UTF8*$!
{
	archiveVersion = 1;
	classes = {
	};
	objectVersion = 50;
	objects = {

/* Begin PBXBuildFile section */
		920F40EC20C857D8009528A6 /* AdSupport.framework in Frameworks */ = {isa = PBXBuildFile; fileRef = 920F40EB20C857D7009528A6 /* AdSupport.framework */; };
		920F40EE20C857E3009528A6 /* AVFoundation.framework in Frameworks */ = {isa = PBXBuildFile; fileRef = 920F40ED20C857E3009528A6 /* AVFoundation.framework */; };
		920F40F020C857EF009528A6 /* CoreGraphics.framework in Frameworks */ = {isa = PBXBuildFile; fileRef = 920F40EF20C857EF009528A6 /* CoreGraphics.framework */; };
		920F40F220C857FA009528A6 /* CoreMedia.framework in Frameworks */ = {isa = PBXBuildFile; fileRef = 920F40F120C857FA009528A6 /* CoreMedia.framework */; };
		920F40F420C85801009528A6 /* CoreTelephony.framework in Frameworks */ = {isa = PBXBuildFile; fileRef = 920F40F320C85800009528A6 /* CoreTelephony.framework */; };
		920F40F620C8580A009528A6 /* StoreKit.framework in Frameworks */ = {isa = PBXBuildFile; fileRef = 920F40F520C8580A009528A6 /* StoreKit.framework */; };
		920F40F820C85811009528A6 /* SystemConfiguration.framework in Frameworks */ = {isa = PBXBuildFile; fileRef = 920F40F720C85811009528A6 /* SystemConfiguration.framework */; };
		920F40FA20C8581C009528A6 /* UIKit.framework in Frameworks */ = {isa = PBXBuildFile; fileRef = 920F40F920C8581C009528A6 /* UIKit.framework */; };
		920F40FC20C85822009528A6 /* WebKit.framework in Frameworks */ = {isa = PBXBuildFile; fileRef = 920F40FB20C85822009528A6 /* WebKit.framework */; };
		920F40FE20C8582C009528A6 /* libz.tbd in Frameworks */ = {isa = PBXBuildFile; fileRef = 920F40FD20C8582C009528A6 /* libz.tbd */; };
		920F410020C85886009528A6 /* AppLovinSDK.framework in Frameworks */ = {isa = PBXBuildFile; fileRef = 920F40FF20C85886009528A6 /* AppLovinSDK.framework */; };
		921BE9B120C8552200840E91 /* AppDelegate.m in Sources */ = {isa = PBXBuildFile; fileRef = 921BE9B020C8552200840E91 /* AppDelegate.m */; };
		921BE9B420C8552200840E91 /* ViewController.m in Sources */ = {isa = PBXBuildFile; fileRef = 921BE9B320C8552200840E91 /* ViewController.m */; };
		921BE9B720C8552200840E91 /* Main.storyboard in Resources */ = {isa = PBXBuildFile; fileRef = 921BE9B520C8552200840E91 /* Main.storyboard */; };
		921BE9B920C8552200840E91 /* Assets.xcassets in Resources */ = {isa = PBXBuildFile; fileRef = 921BE9B820C8552200840E91 /* Assets.xcassets */; };
		921BE9BC20C8552200840E91 /* LaunchScreen.storyboard in Resources */ = {isa = PBXBuildFile; fileRef = 921BE9BA20C8552200840E91 /* LaunchScreen.storyboard */; };
		921BE9BF20C8552200840E91 /* main.m in Sources */ = {isa = PBXBuildFile; fileRef = 921BE9BE20C8552200840E91 /* main.m */; };
/* End PBXBuildFile section */

/* Begin PBXFileReference section */
		1331987F1B39A7A2A4A8E6EB /* Pods-powerLevel.release.xcconfig */ = {isa = PBXFileReference; includeInIndex = 1; lastKnownFileType = text.xcconfig; name = "Pods-powerLevel.release.xcconfig"; path = "Pods/Target Support Files/Pods-powerLevel/Pods-powerLevel.release.xcconfig"; sourceTree = "<group>"; };
		6F78E1F0540B3F3195ED4D36 /* Pods-powerLevel.debug.xcconfig */ = {isa = PBXFileReference; includeInIndex = 1; lastKnownFileType = text.xcconfig; name = "Pods-powerLevel.debug.xcconfig"; path = "Pods/Target Support Files/Pods-powerLevel/Pods-powerLevel.debug.xcconfig"; sourceTree = "<group>"; };
		920F40EB20C857D7009528A6 /* AdSupport.framework */ = {isa = PBXFileReference; lastKnownFileType = wrapper.framework; name = AdSupport.framework; path = System/Library/Frameworks/AdSupport.framework; sourceTree = SDKROOT; };
		920F40ED20C857E3009528A6 /* AVFoundation.framework */ = {isa = PBXFileReference; lastKnownFileType = wrapper.framework; name = AVFoundation.framework; path = System/Library/Frameworks/AVFoundation.framework; sourceTree = SDKROOT; };
		920F40EF20C857EF009528A6 /* CoreGraphics.framework */ = {isa = PBXFileReference; lastKnownFileType = wrapper.framework; name = CoreGraphics.framework; path = System/Library/Frameworks/CoreGraphics.framework; sourceTree = SDKROOT; };
		920F40F120C857FA009528A6 /* CoreMedia.framework */ = {isa = PBXFileReference; lastKnownFileType = wrapper.framework; name = CoreMedia.framework; path = System/Library/Frameworks/CoreMedia.framework; sourceTree = SDKROOT; };
		920F40F320C85800009528A6 /* CoreTelephony.framework */ = {isa = PBXFileReference; lastKnownFileType = wrapper.framework; name = CoreTelephony.framework; path = System/Library/Frameworks/CoreTelephony.framework; sourceTree = SDKROOT; };
		920F40F520C8580A009528A6 /* StoreKit.framework */ = {isa = PBXFileReference; lastKnownFileType = wrapper.framework; name = StoreKit.framework; path = System/Library/Frameworks/StoreKit.framework; sourceTree = SDKROOT; };
		920F40F720C85811009528A6 /* SystemConfiguration.framework */ = {isa = PBXFileReference; lastKnownFileType = wrapper.framework; name = SystemConfiguration.framework; path = System/Library/Frameworks/SystemConfiguration.framework; sourceTree = SDKROOT; };
		920F40F920C8581C009528A6 /* UIKit.framework */ = {isa = PBXFileReference; lastKnownFileType = wrapper.framework; name = UIKit.framework; path = System/Library/Frameworks/UIKit.framework; sourceTree = SDKROOT; };
		920F40FB20C85822009528A6 /* WebKit.framework */ = {isa = PBXFileReference; lastKnownFileType = wrapper.framework; name = WebKit.framework; path = System/Library/Frameworks/WebKit.framework; sourceTree = SDKROOT; };
		920F40FD20C8582C009528A6 /* libz.tbd */ = {isa = PBXFileReference; lastKnownFileType = "sourcecode.text-based-dylib-definition"; name = libz.tbd; path = usr/lib/libz.tbd; sourceTree = SDKROOT; };
		920F40FF20C85886009528A6 /* AppLovinSDK.framework */ = {isa = PBXFileReference; lastKnownFileType = wrapper.framework; name = AppLovinSDK.framework; path = "Pods/AppLovinSDK/applovin-ios-sdk-5.0.1/AppLovinSDK.framework"; sourceTree = "<group>"; };
		921BE9AC20C8552200840E91 /* powerLevel.app */ = {isa = PBXFileReference; explicitFileType = wrapper.application; includeInIndex = 0; path = powerLevel.app; sourceTree = BUILT_PRODUCTS_DIR; };
		921BE9AF20C8552200840E91 /* AppDelegate.h */ = {isa = PBXFileReference; lastKnownFileType = sourcecode.c.h; path = AppDelegate.h; sourceTree = "<group>"; };
		921BE9B020C8552200840E91 /* AppDelegate.m */ = {isa = PBXFileReference; lastKnownFileType = sourcecode.c.objc; path = AppDelegate.m; sourceTree = "<group>"; };
		921BE9B220C8552200840E91 /* ViewController.h */ = {isa = PBXFileReference; lastKnownFileType = sourcecode.c.h; path = ViewController.h; sourceTree = "<group>"; };
		921BE9B320C8552200840E91 /* ViewController.m */ = {isa = PBXFileReference; lastKnownFileType = sourcecode.c.objc; path = ViewController.m; sourceTree = "<group>"; };
		921BE9B620C8552200840E91 /* Base */ = {isa = PBXFileReference; lastKnownFileType = file.storyboard; name = Base; path = Base.lproj/Main.storyboard; sourceTree = "<group>"; };
		921BE9B820C8552200840E91 /* Assets.xcassets */ = {isa = PBXFileReference; lastKnownFileType = folder.assetcatalog; path = Assets.xcassets; sourceTree = "<group>"; };
		921BE9BB20C8552200840E91 /* Base */ = {isa = PBXFileReference; lastKnownFileType = file.storyboard; name = Base; path = Base.lproj/LaunchScreen.storyboard; sourceTree = "<group>"; };
		921BE9BD20C8552200840E91 /* Info.plist */ = {isa = PBXFileReference; lastKnownFileType = text.plist.xml; path = Info.plist; sourceTree = "<group>"; };
		921BE9BE20C8552200840E91 /* main.m */ = {isa = PBXFileReference; lastKnownFileType = sourcecode.c.objc; path = main.m; sourceTree = "<group>"; };
/* End PBXFileReference section */

/* Begin PBXFrameworksBuildPhase section */
		921BE9A920C8552200840E91 /* Frameworks */ = {
			isa = PBXFrameworksBuildPhase;
			buildActionMask = 2147483647;
			files = (
				920F410020C85886009528A6 /* AppLovinSDK.framework in Frameworks */,
				920F40FE20C8582C009528A6 /* libz.tbd in Frameworks */,
				920F40FC20C85822009528A6 /* WebKit.framework in Frameworks */,
				920F40FA20C8581C009528A6 /* UIKit.framework in Frameworks */,
				920F40F820C85811009528A6 /* SystemConfiguration.framework in Frameworks */,
				920F40F620C8580A009528A6 /* StoreKit.framework in Frameworks */,
				920F40F420C85801009528A6 /* CoreTelephony.framework in Frameworks */,
				920F40F220C857FA009528A6 /* CoreMedia.framework in Frameworks */,
				920F40F020C857EF009528A6 /* CoreGraphics.framework in Frameworks */,
				920F40EE20C857E3009528A6 /* AVFoundation.framework in Frameworks */,
				920F40EC20C857D8009528A6 /* AdSupport.framework in Frameworks */,
			);
			runOnlyForDeploymentPostprocessing = 0;
		};
/* End PBXFrameworksBuildPhase section */

/* Begin PBXGroup section */
		921BE9A320C8552200840E91 = {
			isa = PBXGroup;
			children = (
				921BE9AE20C8552200840E91 /* powerLevel */,
				921BE9AD20C8552200840E91 /* Products */,
				E24FA426FE6B371BA02E5421 /* Pods */,
				D881F61CE9D1B70139EF28CC /* Frameworks */,
			);
			sourceTree = "<group>";
		};
		921BE9AD20C8552200840E91 /* Products */ = {
			isa = PBXGroup;
			children = (
				921BE9AC20C8552200840E91 /* powerLevel.app */,
			);
			name = Products;
			sourceTree = "<group>";
		};
		921BE9AE20C8552200840E91 /* powerLevel */ = {
			isa = PBXGroup;
			children = (
				921BE9AF20C8552200840E91 /* AppDelegate.h */,
				921BE9B020C8552200840E91 /* AppDelegate.m */,
				921BE9B220C8552200840E91 /* ViewController.h */,
				921BE9B320C8552200840E91 /* ViewController.m */,
				921BE9B520C8552200840E91 /* Main.storyboard */,
				921BE9B820C8552200840E91 /* Assets.xcassets */,
				921BE9BA20C8552200840E91 /* LaunchScreen.storyboard */,
				921BE9BD20C8552200840E91 /* Info.plist */,
				921BE9BE20C8552200840E91 /* main.m */,
			);
			path = powerLevel;
			sourceTree = "<group>";
		};
		D881F61CE9D1B70139EF28CC /* Frameworks */ = {
			isa = PBXGroup;
			children = (
				920F40FF20C85886009528A6 /* AppLovinSDK.framework */,
				920F40FD20C8582C009528A6 /* libz.tbd */,
				920F40FB20C85822009528A6 /* WebKit.framework */,
				920F40F920C8581C009528A6 /* UIKit.framework */,
				920F40F720C85811009528A6 /* SystemConfiguration.framework */,
				920F40F520C8580A009528A6 /* StoreKit.framework */,
				920F40F320C85800009528A6 /* CoreTelephony.framework */,
				920F40F120C857FA009528A6 /* CoreMedia.framework */,
				920F40EF20C857EF009528A6 /* CoreGraphics.framework */,
				920F40ED20C857E3009528A6 /* AVFoundation.framework */,
				920F40EB20C857D7009528A6 /* AdSupport.framework */,
			);
			name = Frameworks;
			sourceTree = "<group>";
		};
		E24FA426FE6B371BA02E5421 /* Pods */ = {
			isa = PBXGroup;
			children = (
				6F78E1F0540B3F3195ED4D36 /* Pods-powerLevel.debug.xcconfig */,
				1331987F1B39A7A2A4A8E6EB /* Pods-powerLevel.release.xcconfig */,
			);
			name = Pods;
			sourceTree = "<group>";
		};
/* End PBXGroup section */

/* Begin PBXNativeTarget section */
		921BE9AB20C8552200840E91 /* powerLevel */ = {
			isa = PBXNativeTarget;
			buildConfigurationList = 921BE9C220C8552200840E91 /* Build configuration list for PBXNativeTarget "powerLevel" */;
			buildPhases = (
				D83816AE59DDD079834A3FF9 /* [CP] Check Pods Manifest.lock */,
				921BE9A820C8552200840E91 /* Sources */,
				921BE9A920C8552200840E91 /* Frameworks */,
				921BE9AA20C8552200840E91 /* Resources */,
			);
			buildRules = (
			);
			dependencies = (
			);
			name = powerLevel;
			productName = powerLevel;
			productReference = 921BE9AC20C8552200840E91 /* powerLevel.app */;
			productType = "com.apple.product-type.application";
		};
/* End PBXNativeTarget section */

/* Begin PBXProject section */
		921BE9A420C8552200840E91 /* Project object */ = {
			isa = PBXProject;
			attributes = {
				LastUpgradeCheck = 0940;
				ORGANIZATIONNAME = "Jason C";
				TargetAttributes = {
					921BE9AB20C8552200840E91 = {
						CreatedOnToolsVersion = 9.4;
					};
				};
			};
			buildConfigurationList = 921BE9A720C8552200840E91 /* Build configuration list for PBXProject "powerLevel" */;
			compatibilityVersion = "Xcode 9.3";
			developmentRegion = en;
			hasScannedForEncodings = 0;
			knownRegions = (
				en,
				Base,
			);
			mainGroup = 921BE9A320C8552200840E91;
			productRefGroup = 921BE9AD20C8552200840E91 /* Products */;
			projectDirPath = "";
			projectRoot = "";
			targets = (
				921BE9AB20C8552200840E91 /* powerLevel */,
			);
		};
/* End PBXProject section */

/* Begin PBXResourcesBuildPhase section */
		921BE9AA20C8552200840E91 /* Resources */ = {
			isa = PBXResourcesBuildPhase;
			buildActionMask = 2147483647;
			files = (
				921BE9BC20C8552200840E91 /* LaunchScreen.storyboard in Resources */,
				921BE9B920C8552200840E91 /* Assets.xcassets in Resources */,
				921BE9B720C8552200840E91 /* Main.storyboard in Resources */,
			);
			runOnlyForDeploymentPostprocessing = 0;
		};
/* End PBXResourcesBuildPhase section */

/* Begin PBXShellScriptBuildPhase section */
		D83816AE59DDD079834A3FF9 /* [CP] Check Pods Manifest.lock */ = {
			isa = PBXShellScriptBuildPhase;
			buildActionMask = 2147483647;
			files = (
			);
			inputPaths = (
				"${PODS_PODFILE_DIR_PATH}/Podfile.lock",
				"${PODS_ROOT}/Manifest.lock",
			);
			name = "[CP] Check Pods Manifest.lock";
			outputPaths = (
				"$(DERIVED_FILE_DIR)/Pods-powerLevel-checkManifestLockResult.txt",
			);
			runOnlyForDeploymentPostprocessing = 0;
			shellPath = /bin/sh;
			shellScript = "diff \"${PODS_PODFILE_DIR_PATH}/Podfile.lock\" \"${PODS_ROOT}/Manifest.lock\" > /dev/null\nif [ $? != 0 ] ; then\n    # print error to STDERR\n    echo \"error: The sandbox is not in sync with the Podfile.lock. Run 'pod install' or update your CocoaPods installation.\" >&2\n    exit 1\nfi\n# This output is used by Xcode 'outputs' to avoid re-running this script phase.\necho \"SUCCESS\" > \"${SCRIPT_OUTPUT_FILE_0}\"\n";
			showEnvVarsInLog = 0;
		};
/* End PBXShellScriptBuildPhase section */

/* Begin PBXSourcesBuildPhase section */
		921BE9A820C8552200840E91 /* Sources */ = {
			isa = PBXSourcesBuildPhase;
			buildActionMask = 2147483647;
			files = (
				921BE9B420C8552200840E91 /* ViewController.m in Sources */,
				921BE9BF20C8552200840E91 /* main.m in Sources */,
				921BE9B120C8552200840E91 /* AppDelegate.m in Sources */,
			);
			runOnlyForDeploymentPostprocessing = 0;
		};
/* End PBXSourcesBuildPhase section */

/* Begin PBXVariantGroup section */
		921BE9B520C8552200840E91 /* Main.storyboard */ = {
			isa = PBXVariantGroup;
			children = (
				921BE9B620C8552200840E91 /* Base */,
			);
			name = Main.storyboard;
			sourceTree = "<group>";
		};
		921BE9BA20C8552200840E91 /* LaunchScreen.storyboard */ = {
			isa = PBXVariantGroup;
			children = (
				921BE9BB20C8552200840E91 /* Base */,
			);
			name = LaunchScreen.storyboard;
			sourceTree = "<group>";
		};
/* End PBXVariantGroup section */

/* Begin XCBuildConfiguration section */
		921BE9C020C8552200840E91 /* Debug */ = {
			isa = XCBuildConfiguration;
			buildSettings = {
				ALWAYS_SEARCH_USER_PATHS = NO;
				CLANG_ANALYZER_NONNULL = YES;
				CLANG_ANALYZER_NUMBER_OBJECT_CONVERSION = YES_AGGRESSIVE;
				CLANG_CXX_LANGUAGE_STANDARD = "gnu++14";
				CLANG_CXX_LIBRARY = "libc++";
				CLANG_ENABLE_MODULES = YES;
				CLANG_ENABLE_OBJC_ARC = YES;
				CLANG_ENABLE_OBJC_WEAK = YES;
				CLANG_WARN_BLOCK_CAPTURE_AUTORELEASING = YES;
				CLANG_WARN_BOOL_CONVERSION = YES;
				CLANG_WARN_COMMA = YES;
				CLANG_WARN_CONSTANT_CONVERSION = YES;
				CLANG_WARN_DEPRECATED_OBJC_IMPLEMENTATIONS = YES;
				CLANG_WARN_DIRECT_OBJC_ISA_USAGE = YES_ERROR;
				CLANG_WARN_DOCUMENTATION_COMMENTS = YES;
				CLANG_WARN_EMPTY_BODY = YES;
				CLANG_WARN_ENUM_CONVERSION = YES;
				CLANG_WARN_INFINITE_RECURSION = YES;
				CLANG_WARN_INT_CONVERSION = YES;
				CLANG_WARN_NON_LITERAL_NULL_CONVERSION = YES;
				CLANG_WARN_OBJC_IMPLICIT_RETAIN_SELF = YES;
				CLANG_WARN_OBJC_LITERAL_CONVERSION = YES;
				CLANG_WARN_OBJC_ROOT_CLASS = YES_ERROR;
				CLANG_WARN_RANGE_LOOP_ANALYSIS = YES;
				CLANG_WARN_STRICT_PROTOTYPES = YES;
				CLANG_WARN_SUSPICIOUS_MOVE = YES;
				CLANG_WARN_UNGUARDED_AVAILABILITY = YES_AGGRESSIVE;
				CLANG_WARN_UNREACHABLE_CODE = YES;
				CLANG_WARN__DUPLICATE_METHOD_MATCH = YES;
				CODE_SIGN_IDENTITY = "iPhone Developer";
				COPY_PHASE_STRIP = NO;
				DEBUG_INFORMATION_FORMAT = dwarf;
				ENABLE_STRICT_OBJC_MSGSEND = YES;
				ENABLE_TESTABILITY = YES;
				GCC_C_LANGUAGE_STANDARD = gnu11;
				GCC_DYNAMIC_NO_PIC = NO;
				GCC_NO_COMMON_BLOCKS = YES;
				GCC_OPTIMIZATION_LEVEL = 0;
				GCC_PREPROCESSOR_DEFINITIONS = (
					"DEBUG=1",
					"$(inherited)",
				);
				GCC_WARN_64_TO_32_BIT_CONVERSION = YES;
				GCC_WARN_ABOUT_RETURN_TYPE = YES_ERROR;
				GCC_WARN_UNDECLARED_SELECTOR = YES;
				GCC_WARN_UNINITIALIZED_AUTOS = YES_AGGRESSIVE;
				GCC_WARN_UNUSED_FUNCTION = YES;
				GCC_WARN_UNUSED_VARIABLE = YES;
				IPHONEOS_DEPLOYMENT_TARGET = 10.0;
				MTL_ENABLE_DEBUG_INFO = YES;
				ONLY_ACTIVE_ARCH = YES;
				SDKROOT = iphoneos;
			};
			name = Debug;
		};
		921BE9C120C8552200840E91 /* Release */ = {
			isa = XCBuildConfiguration;
			buildSettings = {
				ALWAYS_SEARCH_USER_PATHS = NO;
				CLANG_ANALYZER_NONNULL = YES;
				CLANG_ANALYZER_NUMBER_OBJECT_CONVERSION = YES_AGGRESSIVE;
				CLANG_CXX_LANGUAGE_STANDARD = "gnu++14";
				CLANG_CXX_LIBRARY = "libc++";
				CLANG_ENABLE_MODULES = YES;
				CLANG_ENABLE_OBJC_ARC = YES;
				CLANG_ENABLE_OBJC_WEAK = YES;
				CLANG_WARN_BLOCK_CAPTURE_AUTORELEASING = YES;
				CLANG_WARN_BOOL_CONVERSION = YES;
				CLANG_WARN_COMMA = YES;
				CLANG_WARN_CONSTANT_CONVERSION = YES;
				CLANG_WARN_DEPRECATED_OBJC_IMPLEMENTATIONS = YES;
				CLANG_WARN_DIRECT_OBJC_ISA_USAGE = YES_ERROR;
				CLANG_WARN_DOCUMENTATION_COMMENTS = YES;
				CLANG_WARN_EMPTY_BODY = YES;
				CLANG_WARN_ENUM_CONVERSION = YES;
				CLANG_WARN_INFINITE_RECURSION = YES;
				CLANG_WARN_INT_CONVERSION = YES;
				CLANG_WARN_NON_LITERAL_NULL_CONVERSION = YES;
				CLANG_WARN_OBJC_IMPLICIT_RETAIN_SELF = YES;
				CLANG_WARN_OBJC_LITERAL_CONVERSION = YES;
				CLANG_WARN_OBJC_ROOT_CLASS = YES_ERROR;
				CLANG_WARN_RANGE_LOOP_ANALYSIS = YES;
				CLANG_WARN_STRICT_PROTOTYPES = YES;
				CLANG_WARN_SUSPICIOUS_MOVE = YES;
				CLANG_WARN_UNGUARDED_AVAILABILITY = YES_AGGRESSIVE;
				CLANG_WARN_UNREACHABLE_CODE = YES;
				CLANG_WARN__DUPLICATE_METHOD_MATCH = YES;
				CODE_SIGN_IDENTITY = "iPhone Developer";
				COPY_PHASE_STRIP = NO;
				DEBUG_INFORMATION_FORMAT = "dwarf-with-dsym";
				ENABLE_NS_ASSERTIONS = NO;
				ENABLE_STRICT_OBJC_MSGSEND = YES;
				GCC_C_LANGUAGE_STANDARD = gnu11;
				GCC_NO_COMMON_BLOCKS = YES;
				GCC_WARN_64_TO_32_BIT_CONVERSION = YES;
				GCC_WARN_ABOUT_RETURN_TYPE = YES_ERROR;
				GCC_WARN_UNDECLARED_SELECTOR = YES;
				GCC_WARN_UNINITIALIZED_AUTOS = YES_AGGRESSIVE;
				GCC_WARN_UNUSED_FUNCTION = YES;
				GCC_WARN_UNUSED_VARIABLE = YES;
				IPHONEOS_DEPLOYMENT_TARGET = 10.0;
				MTL_ENABLE_DEBUG_INFO = NO;
				SDKROOT = iphoneos;
				VALIDATE_PRODUCT = YES;
			};
			name = Release;
		};
		921BE9C320C8552200840E91 /* Debug */ = {
			isa = XCBuildConfiguration;
			baseConfigurationReference = 6F78E1F0540B3F3195ED4D36 /* Pods-powerLevel.debug.xcconfig */;
			buildSettings = {
				ASSETCATALOG_COMPILER_APPICON_NAME = AppIcon;
				CODE_SIGN_STYLE = Automatic;
				DEVELOPMENT_TEAM = L36D2F8J6M;
				FRAMEWORK_SEARCH_PATHS = (
					"$(inherited)",
					"$(PROJECT_DIR)/Pods/AppLovinSDK/applovin-ios-sdk-5.0.1",
				);
				INFOPLIST_FILE = powerLevel/Info.plist;
				LD_RUNPATH_SEARCH_PATHS = (
					"$(inherited)",
					"@executable_path/Frameworks",
				);
				PRODUCT_BUNDLE_IDENTIFIER = com.vartyr.powerLevel;
				PRODUCT_NAME = "$(TARGET_NAME)";
				TARGETED_DEVICE_FAMILY = "1,2";
			};
			name = Debug;
		};
		921BE9C420C8552200840E91 /* Release */ = {
			isa = XCBuildConfiguration;
			baseConfigurationReference = 1331987F1B39A7A2A4A8E6EB /* Pods-powerLevel.release.xcconfig */;
			buildSettings = {
				ASSETCATALOG_COMPILER_APPICON_NAME = AppIcon;
				CODE_SIGN_STYLE = Automatic;
				DEVELOPMENT_TEAM = L36D2F8J6M;
				FRAMEWORK_SEARCH_PATHS = (
					"$(inherited)",
					"$(PROJECT_DIR)/Pods/AppLovinSDK/applovin-ios-sdk-5.0.1",
				);
				INFOPLIST_FILE = powerLevel/Info.plist;
				LD_RUNPATH_SEARCH_PATHS = (
					"$(inherited)",
					"@executable_path/Frameworks",
				);
				PRODUCT_BUNDLE_IDENTIFIER = com.vartyr.powerLevel;
				PRODUCT_NAME = "$(TARGET_NAME)";
				TARGETED_DEVICE_FAMILY = "1,2";
			};
			name = Release;
		};
/* End XCBuildConfiguration section */

/* Begin XCConfigurationList section */
		921BE9A720C8552200840E91 /* Build configuration list for PBXProject "powerLevel" */ = {
			isa = XCConfigurationList;
			buildConfigurations = (
				921BE9C020C8552200840E91 /* Debug */,
				921BE9C120C8552200840E91 /* Release */,
			);
			defaultConfigurationIsVisible = 0;
			defaultConfigurationName = Release;
		};
		921BE9C220C8552200840E91 /* Build configuration list for PBXNativeTarget "powerLevel" */ = {
			isa = XCConfigurationList;
			buildConfigurations = (
				921BE9C320C8552200840E91 /* Debug */,
				921BE9C420C8552200840E91 /* Release */,
			);
			defaultConfigurationIsVisible = 0;
			defaultConfigurationName = Release;
		};
/* End XCConfigurationList section */
	};
	rootObject = 921BE9A420C8552200840E91 /* Project object */;
}
